
Microsoft Visual Studio Solution File, Format Version 12.00
# Visual Studio Version 17
VisualStudioVersion = 17.8.34330.188
MinimumVisualStudioVersion = 10.0.40219.1
Project("{8BC9CEB8-8B4A-11D0-8D11-00A0C91BC942}") = "Windows_threads", "Windows_threads\Windows_threads.vcxproj", "{945BB738-9B0D-4570-8787-057FC12C38FC}"
EndProject
Global
	GlobalSection(SolutionConfigurationPlatforms) = preSolution
		Debug|x64 = Debug|x64
		Debug|x86 = Debug|x86
		Release|x64 = Release|x64
		Release|x86 = Release|x86
	EndGlobalSection
	GlobalSection(ProjectConfigurationPlatforms) = postSolution
		{945BB738-9B0D-4570-8787-057FC12C38FC}.Debug|x64.ActiveCfg = Debug|x64
		{945BB738-9B0D-4570-8787-057FC12C38FC}.Debug|x64.Build.0 = Debug|x64
		{945BB738-9B0D-4570-8787-057FC12C38FC}.Debug|x86.ActiveCfg = Debug|Win32
		{945BB738-9B0D-4570-8787-057FC12C38FC}.Debug|x86.Build.0 = Debug|Win32
		{945BB738-9B0D-4570-8787-057FC12C38FC}.Release|x64.ActiveCfg = Release|x64
		{945BB738-9B0D-4570-8787-057FC12C38FC}.Release|x64.Build.0 = Release|x64
		{945BB738-9B0D-4570-8787-057FC12C38FC}.Release|x86.ActiveCfg = Release|Win32
		{945BB738-9B0D-4570-8787-057FC12C38FC}.Release|x86.Build.0 = Release|Win32
	EndGlobalSection
	GlobalSection(SolutionProperties) = preSolution
		HideSolutionNode = FALSE
	EndGlobalSection
	GlobalSection(ExtensibilityGlobals) = postSolution
		SolutionGuid = {2903D6C9-FA7F-46B8-BDD4-560977FF06A3}
	EndGlobalSection
EndGlobal
